
Microsoft Visual Studio Solution File, Format Version 12.00
Project("{FAE04EC0-301F-11D3-BF4B-00C04F79EFBC}") = "WorkflowDemo", "WorkflowDemo\WorkflowDemo.csproj", "{52F72BC3-3506-469A-A439-0D4D2BC7F420}"
EndProject
Project("{2150E333-8FDC-42A3-9474-1A3956D46DE8}") = "Common", "Common", "{FB5A6ACA-4F79-4D53-83B4-CE31454FC38D}"
ProjectSection(SolutionItems) = preProject
	Common\docker-compose.yml = Common\docker-compose.yml
EndProjectSection
EndProject
Global
	GlobalSection(SolutionConfigurationPlatforms) = preSolution
		Debug|Any CPU = Debug|Any CPU
		Release|Any CPU = Release|Any CPU
	EndGlobalSection
	GlobalSection(ProjectConfigurationPlatforms) = postSolution
		{52F72BC3-3506-469A-A439-0D4D2BC7F420}.Debug|Any CPU.ActiveCfg = Debug|Any CPU
		{52F72BC3-3506-469A-A439-0D4D2BC7F420}.Debug|Any CPU.Build.0 = Debug|Any CPU
		{52F72BC3-3506-469A-A439-0D4D2BC7F420}.Release|Any CPU.ActiveCfg = Release|Any CPU
		{52F72BC3-3506-469A-A439-0D4D2BC7F420}.Release|Any CPU.Build.0 = Release|Any CPU
	EndGlobalSection
EndGlobal
