
Microsoft Visual Studio Solution File, Format Version 12.00
Project("{FAE04EC0-301F-11D3-BF4B-00C04F79EFBC}") = "WorkflowDemo", "WorkflowDemo\WorkflowDemo.csproj", "{52F72BC3-3506-469A-A439-0D4D2BC7F420}"
EndProject
Global
	GlobalSection(SolutionConfigurationPlatforms) = preSolution
		Debug|Any CPU = Debug|Any CPU
		Release|Any CPU = Release|Any CPU
	EndGlobalSection
	GlobalSection(ProjectConfigurationPlatforms) = postSolution
		{52F72BC3-3506-469A-A439-0D4D2BC7F420}.Debug|Any CPU.ActiveCfg = Debug|Any CPU
		{52F72BC3-3506-469A-A439-0D4D2BC7F420}.Debug|Any CPU.Build.0 = Debug|Any CPU
		{52F72BC3-3506-469A-A439-0D4D2BC7F420}.Release|Any CPU.ActiveCfg = Release|Any CPU
		{52F72BC3-3506-469A-A439-0D4D2BC7F420}.Release|Any CPU.Build.0 = Release|Any CPU
	EndGlobalSection
EndGlobal
